
Microsoft Visual Studio Solution File, Format Version 12.00
# Visual Studio 2013
VisualStudioVersion = 12.0.21005.1
MinimumVisualStudioVersion = 10.0.40219.1
Project("{2150E333-8FDC-42A3-9474-1A3956D46DE8}") = "Threading", "Threading", "{1F06EDA5-7F88-4917-A65E-EA694B943ACE}"
EndProject
Project("{2150E333-8FDC-42A3-9474-1A3956D46DE8}") = "Net", "Net", "{0F8C2E0C-9921-49FF-9A4E-BCD7D308A136}"
EndProject
Project("{2150E333-8FDC-42A3-9474-1A3956D46DE8}") = "File", "File", "{AC13C141-6971-4913-9F11-FB47958BAD5E}"
EndProject
Project("{2150E333-8FDC-42A3-9474-1A3956D46DE8}") = "XML", "XML", "{84292D42-2AEC-4A64-8D2D-BC9BEB1D1E81}"
EndProject
Project("{2150E333-8FDC-42A3-9474-1A3956D46DE8}") = "Collection", "Collection", "{B5E879DE-E9F5-4898-B304-25F15BCD4E90}"
EndProject
Project("{2150E333-8FDC-42A3-9474-1A3956D46DE8}") = "Data", "Data", "{A6B837D6-288F-4221-8C40-1AC2A19E113F}"
EndProject
Project("{2150E333-8FDC-42A3-9474-1A3956D46DE8}") = "DelegateAndEvent", "DelegateAndEvent", "{ACDDFC46-3C77-498F-B4AC-CBB5000385AC}"
EndProject
Project("{FAE04EC0-301F-11D3-BF4B-00C04F79EFBC}") = "NamesapceExample", "NamesapceExample\NamesapceExample.csproj", "{69362DD0-CA29-4FD1-B8E3-B4AF3670C974}"
EndProject
Project("{FAE04EC0-301F-11D3-BF4B-00C04F79EFBC}") = "AsyncDelegate", "AsyncDelegate\AsyncDelegate.csproj", "{DC27AC24-B497-41EB-B03C-AE841B46CB2E}"
EndProject
Project("{FAE04EC0-301F-11D3-BF4B-00C04F79EFBC}") = "ThreadSamples", "ThreadSamples\ThreadSamples.csproj", "{9FE98F96-DBFB-405B-AD7D-F1ECC4C640A1}"
EndProject
Project("{FAE04EC0-301F-11D3-BF4B-00C04F79EFBC}") = "ThreadPoolSamples", "ThreadPoolSamples\ThreadPoolSamples.csproj", "{91250776-DD0D-49DA-8497-FB2A583CA593}"
EndProject
Project("{FAE04EC0-301F-11D3-BF4B-00C04F79EFBC}") = "BasicWebClient", "BasicWebClient\BasicWebClient.csproj", "{6A4DEEFD-DB14-4A0A-B7C2-E4131132CFA1}"
EndProject
Project("{FAE04EC0-301F-11D3-BF4B-00C04F79EFBC}") = "WebServiceSample", "WebServiceSample\WebServiceSample.csproj", "{04C0ABC0-6C1C-446C-80C4-FFD36B0B161F}"
EndProject
Project("{FAE04EC0-301F-11D3-BF4B-00C04F79EFBC}") = "InvokeWebService", "InvokeWebService\InvokeWebService.csproj", "{5B07F310-CB66-419B-8871-EFE75F33E731}"
	ProjectSection(ProjectDependencies) = postProject
		{04C0ABC0-6C1C-446C-80C4-FFD36B0B161F} = {04C0ABC0-6C1C-446C-80C4-FFD36B0B161F}
	EndProjectSection
EndProject
Project("{FAE04EC0-301F-11D3-BF4B-00C04F79EFBC}") = "ObjectStore", "ObjectStore\ObjectStore.csproj", "{B8E2F5DD-5666-4C61-B966-59CAD6947040}"
EndProject
Project("{FAE04EC0-301F-11D3-BF4B-00C04F79EFBC}") = "FileWatcher", "FileWatcher\FileWatcher.csproj", "{2C404EF9-6952-4797-8D81-7D59BE9FF715}"
EndProject
Project("{FAE04EC0-301F-11D3-BF4B-00C04F79EFBC}") = "XmlEditor", "XmlEditor\XmlEditor.csproj", "{7980D8FB-9064-46CA-A84D-5D11027411D7}"
EndProject
Project("{FAE04EC0-301F-11D3-BF4B-00C04F79EFBC}") = "CardLib", "CardLib\CardLib.csproj", "{6176716D-B371-4920-A50F-0BEBCE0E52C4}"
EndProject
Project("{FAE04EC0-301F-11D3-BF4B-00C04F79EFBC}") = "CardClient", "CardClient\CardClient.csproj", "{FAD16DB4-CBB7-46C1-987C-D6C93BED3974}"
EndProject
Project("{FAE04EC0-301F-11D3-BF4B-00C04F79EFBC}") = "DeepClone", "DeepClone\DeepClone.csproj", "{64AA9E5D-85B8-4C51-B95C-0F7C087B38FA}"
EndProject
Project("{FAE04EC0-301F-11D3-BF4B-00C04F79EFBC}") = "SocketServer", "SocketServer\SocketServer.csproj", "{57E46A35-E8E2-4289-B0C2-6525D94E3ACF}"
EndProject
Project("{FAE04EC0-301F-11D3-BF4B-00C04F79EFBC}") = "SocketClient", "SocketClient\SocketClient.csproj", "{44770407-7A00-4F91-88F5-FD15BB920714}"
EndProject
Project("{FAE04EC0-301F-11D3-BF4B-00C04F79EFBC}") = "DataImport", "DataImport\DataImport.csproj", "{364CC76F-20CC-4B7A-A15E-40EFD40141D2}"
EndProject
Project("{FAE04EC0-301F-11D3-BF4B-00C04F79EFBC}") = "DataOperation", "DataOperation\DataOperation.csproj", "{EF26EB71-8713-47E1-8814-E61AA99607F9}"
EndProject
Project("{FAE04EC0-301F-11D3-BF4B-00C04F79EFBC}") = "Delegate", "Delegate\Delegate.csproj", "{1848CAFE-E396-4D82-A367-F0A89B7B7099}"
EndProject
Project("{FAE04EC0-301F-11D3-BF4B-00C04F79EFBC}") = "Event", "Event\Event.csproj", "{27B09930-2D32-4BE7-8340-65639CAFBB90}"
EndProject
Project("{FAE04EC0-301F-11D3-BF4B-00C04F79EFBC}") = "XmlNodeOpration", "XmlNodeOpration\XmlNodeOpration.csproj", "{C2CDFF6F-A98D-4229-9C72-4443B15ED2C8}"
EndProject
Project("{FAE04EC0-301F-11D3-BF4B-00C04F79EFBC}") = "Lambda", "Lambda\Lambda.csproj", "{58A7A242-73CD-4005-A135-E00399E9558F}"
EndProject
Global
	GlobalSection(SolutionConfigurationPlatforms) = preSolution
		Debug|Any CPU = Debug|Any CPU
		Debug|Mixed Platforms = Debug|Mixed Platforms
		Debug|x86 = Debug|x86
		Release|Any CPU = Release|Any CPU
		Release|Mixed Platforms = Release|Mixed Platforms
		Release|x86 = Release|x86
	EndGlobalSection
	GlobalSection(ProjectConfigurationPlatforms) = postSolution
		{69362DD0-CA29-4FD1-B8E3-B4AF3670C974}.Debug|Any CPU.ActiveCfg = Debug|x86
		{69362DD0-CA29-4FD1-B8E3-B4AF3670C974}.Debug|Mixed Platforms.ActiveCfg = Debug|x86
		{69362DD0-CA29-4FD1-B8E3-B4AF3670C974}.Debug|Mixed Platforms.Build.0 = Debug|x86
		{69362DD0-CA29-4FD1-B8E3-B4AF3670C974}.Debug|x86.ActiveCfg = Debug|x86
		{69362DD0-CA29-4FD1-B8E3-B4AF3670C974}.Debug|x86.Build.0 = Debug|x86
		{69362DD0-CA29-4FD1-B8E3-B4AF3670C974}.Release|Any CPU.ActiveCfg = Release|x86
		{69362DD0-CA29-4FD1-B8E3-B4AF3670C974}.Release|Mixed Platforms.ActiveCfg = Release|x86
		{69362DD0-CA29-4FD1-B8E3-B4AF3670C974}.Release|Mixed Platforms.Build.0 = Release|x86
		{69362DD0-CA29-4FD1-B8E3-B4AF3670C974}.Release|x86.ActiveCfg = Release|x86
		{69362DD0-CA29-4FD1-B8E3-B4AF3670C974}.Release|x86.Build.0 = Release|x86
		{DC27AC24-B497-41EB-B03C-AE841B46CB2E}.Debug|Any CPU.ActiveCfg = Debug|x86
		{DC27AC24-B497-41EB-B03C-AE841B46CB2E}.Debug|Mixed Platforms.ActiveCfg = Debug|x86
		{DC27AC24-B497-41EB-B03C-AE841B46CB2E}.Debug|Mixed Platforms.Build.0 = Debug|x86
		{DC27AC24-B497-41EB-B03C-AE841B46CB2E}.Debug|x86.ActiveCfg = Debug|x86
		{DC27AC24-B497-41EB-B03C-AE841B46CB2E}.Debug|x86.Build.0 = Debug|x86
		{DC27AC24-B497-41EB-B03C-AE841B46CB2E}.Release|Any CPU.ActiveCfg = Release|x86
		{DC27AC24-B497-41EB-B03C-AE841B46CB2E}.Release|Mixed Platforms.ActiveCfg = Release|x86
		{DC27AC24-B497-41EB-B03C-AE841B46CB2E}.Release|Mixed Platforms.Build.0 = Release|x86
		{DC27AC24-B497-41EB-B03C-AE841B46CB2E}.Release|x86.ActiveCfg = Release|x86
		{DC27AC24-B497-41EB-B03C-AE841B46CB2E}.Release|x86.Build.0 = Release|x86
		{9FE98F96-DBFB-405B-AD7D-F1ECC4C640A1}.Debug|Any CPU.ActiveCfg = Debug|x86
		{9FE98F96-DBFB-405B-AD7D-F1ECC4C640A1}.Debug|Mixed Platforms.ActiveCfg = Debug|x86
		{9FE98F96-DBFB-405B-AD7D-F1ECC4C640A1}.Debug|Mixed Platforms.Build.0 = Debug|x86
		{9FE98F96-DBFB-405B-AD7D-F1ECC4C640A1}.Debug|x86.ActiveCfg = Debug|x86
		{9FE98F96-DBFB-405B-AD7D-F1ECC4C640A1}.Debug|x86.Build.0 = Debug|x86
		{9FE98F96-DBFB-405B-AD7D-F1ECC4C640A1}.Release|Any CPU.ActiveCfg = Release|x86
		{9FE98F96-DBFB-405B-AD7D-F1ECC4C640A1}.Release|Mixed Platforms.ActiveCfg = Release|x86
		{9FE98F96-DBFB-405B-AD7D-F1ECC4C640A1}.Release|Mixed Platforms.Build.0 = Release|x86
		{9FE98F96-DBFB-405B-AD7D-F1ECC4C640A1}.Release|x86.ActiveCfg = Release|x86
		{9FE98F96-DBFB-405B-AD7D-F1ECC4C640A1}.Release|x86.Build.0 = Release|x86
		{91250776-DD0D-49DA-8497-FB2A583CA593}.Debug|Any CPU.ActiveCfg = Debug|x86
		{91250776-DD0D-49DA-8497-FB2A583CA593}.Debug|Mixed Platforms.ActiveCfg = Debug|x86
		{91250776-DD0D-49DA-8497-FB2A583CA593}.Debug|Mixed Platforms.Build.0 = Debug|x86
		{91250776-DD0D-49DA-8497-FB2A583CA593}.Debug|x86.ActiveCfg = Debug|x86
		{91250776-DD0D-49DA-8497-FB2A583CA593}.Debug|x86.Build.0 = Debug|x86
		{91250776-DD0D-49DA-8497-FB2A583CA593}.Release|Any CPU.ActiveCfg = Release|x86
		{91250776-DD0D-49DA-8497-FB2A583CA593}.Release|Mixed Platforms.ActiveCfg = Release|x86
		{91250776-DD0D-49DA-8497-FB2A583CA593}.Release|Mixed Platforms.Build.0 = Release|x86
		{91250776-DD0D-49DA-8497-FB2A583CA593}.Release|x86.ActiveCfg = Release|x86
		{91250776-DD0D-49DA-8497-FB2A583CA593}.Release|x86.Build.0 = Release|x86
		{6A4DEEFD-DB14-4A0A-B7C2-E4131132CFA1}.Debug|Any CPU.ActiveCfg = Debug|x86
		{6A4DEEFD-DB14-4A0A-B7C2-E4131132CFA1}.Debug|Mixed Platforms.ActiveCfg = Debug|x86
		{6A4DEEFD-DB14-4A0A-B7C2-E4131132CFA1}.Debug|Mixed Platforms.Build.0 = Debug|x86
		{6A4DEEFD-DB14-4A0A-B7C2-E4131132CFA1}.Debug|x86.ActiveCfg = Debug|x86
		{6A4DEEFD-DB14-4A0A-B7C2-E4131132CFA1}.Debug|x86.Build.0 = Debug|x86
		{6A4DEEFD-DB14-4A0A-B7C2-E4131132CFA1}.Release|Any CPU.ActiveCfg = Release|x86
		{6A4DEEFD-DB14-4A0A-B7C2-E4131132CFA1}.Release|Mixed Platforms.ActiveCfg = Release|x86
		{6A4DEEFD-DB14-4A0A-B7C2-E4131132CFA1}.Release|Mixed Platforms.Build.0 = Release|x86
		{6A4DEEFD-DB14-4A0A-B7C2-E4131132CFA1}.Release|x86.ActiveCfg = Release|x86
		{6A4DEEFD-DB14-4A0A-B7C2-E4131132CFA1}.Release|x86.Build.0 = Release|x86
		{04C0ABC0-6C1C-446C-80C4-FFD36B0B161F}.Debug|Any CPU.ActiveCfg = Debug|Any CPU
		{04C0ABC0-6C1C-446C-80C4-FFD36B0B161F}.Debug|Any CPU.Build.0 = Debug|Any CPU
		{04C0ABC0-6C1C-446C-80C4-FFD36B0B161F}.Debug|Mixed Platforms.ActiveCfg = Debug|Any CPU
		{04C0ABC0-6C1C-446C-80C4-FFD36B0B161F}.Debug|Mixed Platforms.Build.0 = Debug|Any CPU
		{04C0ABC0-6C1C-446C-80C4-FFD36B0B161F}.Debug|x86.ActiveCfg = Debug|Any CPU
		{04C0ABC0-6C1C-446C-80C4-FFD36B0B161F}.Release|Any CPU.ActiveCfg = Release|Any CPU
		{04C0ABC0-6C1C-446C-80C4-FFD36B0B161F}.Release|Any CPU.Build.0 = Release|Any CPU
		{04C0ABC0-6C1C-446C-80C4-FFD36B0B161F}.Release|Mixed Platforms.ActiveCfg = Release|Any CPU
		{04C0ABC0-6C1C-446C-80C4-FFD36B0B161F}.Release|Mixed Platforms.Build.0 = Release|Any CPU
		{04C0ABC0-6C1C-446C-80C4-FFD36B0B161F}.Release|x86.ActiveCfg = Release|Any CPU
		{5B07F310-CB66-419B-8871-EFE75F33E731}.Debug|Any CPU.ActiveCfg = Debug|x86
		{5B07F310-CB66-419B-8871-EFE75F33E731}.Debug|Mixed Platforms.ActiveCfg = Debug|x86
		{5B07F310-CB66-419B-8871-EFE75F33E731}.Debug|Mixed Platforms.Build.0 = Debug|x86
		{5B07F310-CB66-419B-8871-EFE75F33E731}.Debug|x86.ActiveCfg = Debug|x86
		{5B07F310-CB66-419B-8871-EFE75F33E731}.Debug|x86.Build.0 = Debug|x86
		{5B07F310-CB66-419B-8871-EFE75F33E731}.Release|Any CPU.ActiveCfg = Release|x86
		{5B07F310-CB66-419B-8871-EFE75F33E731}.Release|Mixed Platforms.ActiveCfg = Release|x86
		{5B07F310-CB66-419B-8871-EFE75F33E731}.Release|Mixed Platforms.Build.0 = Release|x86
		{5B07F310-CB66-419B-8871-EFE75F33E731}.Release|x86.ActiveCfg = Release|x86
		{5B07F310-CB66-419B-8871-EFE75F33E731}.Release|x86.Build.0 = Release|x86
		{B8E2F5DD-5666-4C61-B966-59CAD6947040}.Debug|Any CPU.ActiveCfg = Debug|x86
		{B8E2F5DD-5666-4C61-B966-59CAD6947040}.Debug|Mixed Platforms.ActiveCfg = Debug|x86
		{B8E2F5DD-5666-4C61-B966-59CAD6947040}.Debug|Mixed Platforms.Build.0 = Debug|x86
		{B8E2F5DD-5666-4C61-B966-59CAD6947040}.Debug|x86.ActiveCfg = Debug|x86
		{B8E2F5DD-5666-4C61-B966-59CAD6947040}.Debug|x86.Build.0 = Debug|x86
		{B8E2F5DD-5666-4C61-B966-59CAD6947040}.Release|Any CPU.ActiveCfg = Release|x86
		{B8E2F5DD-5666-4C61-B966-59CAD6947040}.Release|Mixed Platforms.ActiveCfg = Release|x86
		{B8E2F5DD-5666-4C61-B966-59CAD6947040}.Release|Mixed Platforms.Build.0 = Release|x86
		{B8E2F5DD-5666-4C61-B966-59CAD6947040}.Release|x86.ActiveCfg = Release|x86
		{B8E2F5DD-5666-4C61-B966-59CAD6947040}.Release|x86.Build.0 = Release|x86
		{2C404EF9-6952-4797-8D81-7D59BE9FF715}.Debug|Any CPU.ActiveCfg = Debug|x86
		{2C404EF9-6952-4797-8D81-7D59BE9FF715}.Debug|Mixed Platforms.ActiveCfg = Debug|x86
		{2C404EF9-6952-4797-8D81-7D59BE9FF715}.Debug|Mixed Platforms.Build.0 = Debug|x86
		{2C404EF9-6952-4797-8D81-7D59BE9FF715}.Debug|x86.ActiveCfg = Debug|x86
		{2C404EF9-6952-4797-8D81-7D59BE9FF715}.Debug|x86.Build.0 = Debug|x86
		{2C404EF9-6952-4797-8D81-7D59BE9FF715}.Release|Any CPU.ActiveCfg = Release|x86
		{2C404EF9-6952-4797-8D81-7D59BE9FF715}.Release|Mixed Platforms.ActiveCfg = Release|x86
		{2C404EF9-6952-4797-8D81-7D59BE9FF715}.Release|Mixed Platforms.Build.0 = Release|x86
		{2C404EF9-6952-4797-8D81-7D59BE9FF715}.Release|x86.ActiveCfg = Release|x86
		{2C404EF9-6952-4797-8D81-7D59BE9FF715}.Release|x86.Build.0 = Release|x86
		{7980D8FB-9064-46CA-A84D-5D11027411D7}.Debug|Any CPU.ActiveCfg = Debug|x86
		{7980D8FB-9064-46CA-A84D-5D11027411D7}.Debug|Mixed Platforms.ActiveCfg = Debug|x86
		{7980D8FB-9064-46CA-A84D-5D11027411D7}.Debug|Mixed Platforms.Build.0 = Debug|x86
		{7980D8FB-9064-46CA-A84D-5D11027411D7}.Debug|x86.ActiveCfg = Debug|x86
		{7980D8FB-9064-46CA-A84D-5D11027411D7}.Debug|x86.Build.0 = Debug|x86
		{7980D8FB-9064-46CA-A84D-5D11027411D7}.Release|Any CPU.ActiveCfg = Release|x86
		{7980D8FB-9064-46CA-A84D-5D11027411D7}.Release|Mixed Platforms.ActiveCfg = Release|x86
		{7980D8FB-9064-46CA-A84D-5D11027411D7}.Release|Mixed Platforms.Build.0 = Release|x86
		{7980D8FB-9064-46CA-A84D-5D11027411D7}.Release|x86.ActiveCfg = Release|x86
		{7980D8FB-9064-46CA-A84D-5D11027411D7}.Release|x86.Build.0 = Release|x86
		{6176716D-B371-4920-A50F-0BEBCE0E52C4}.Debug|Any CPU.ActiveCfg = Debug|Any CPU
		{6176716D-B371-4920-A50F-0BEBCE0E52C4}.Debug|Any CPU.Build.0 = Debug|Any CPU
		{6176716D-B371-4920-A50F-0BEBCE0E52C4}.Debug|Mixed Platforms.ActiveCfg = Debug|Any CPU
		{6176716D-B371-4920-A50F-0BEBCE0E52C4}.Debug|Mixed Platforms.Build.0 = Debug|Any CPU
		{6176716D-B371-4920-A50F-0BEBCE0E52C4}.Debug|x86.ActiveCfg = Debug|Any CPU
		{6176716D-B371-4920-A50F-0BEBCE0E52C4}.Release|Any CPU.ActiveCfg = Release|Any CPU
		{6176716D-B371-4920-A50F-0BEBCE0E52C4}.Release|Any CPU.Build.0 = Release|Any CPU
		{6176716D-B371-4920-A50F-0BEBCE0E52C4}.Release|Mixed Platforms.ActiveCfg = Release|Any CPU
		{6176716D-B371-4920-A50F-0BEBCE0E52C4}.Release|Mixed Platforms.Build.0 = Release|Any CPU
		{6176716D-B371-4920-A50F-0BEBCE0E52C4}.Release|x86.ActiveCfg = Release|Any CPU
		{FAD16DB4-CBB7-46C1-987C-D6C93BED3974}.Debug|Any CPU.ActiveCfg = Debug|x86
		{FAD16DB4-CBB7-46C1-987C-D6C93BED3974}.Debug|Mixed Platforms.ActiveCfg = Debug|x86
		{FAD16DB4-CBB7-46C1-987C-D6C93BED3974}.Debug|Mixed Platforms.Build.0 = Debug|x86
		{FAD16DB4-CBB7-46C1-987C-D6C93BED3974}.Debug|x86.ActiveCfg = Debug|x86
		{FAD16DB4-CBB7-46C1-987C-D6C93BED3974}.Debug|x86.Build.0 = Debug|x86
		{FAD16DB4-CBB7-46C1-987C-D6C93BED3974}.Release|Any CPU.ActiveCfg = Release|x86
		{FAD16DB4-CBB7-46C1-987C-D6C93BED3974}.Release|Mixed Platforms.ActiveCfg = Release|x86
		{FAD16DB4-CBB7-46C1-987C-D6C93BED3974}.Release|Mixed Platforms.Build.0 = Release|x86
		{FAD16DB4-CBB7-46C1-987C-D6C93BED3974}.Release|x86.ActiveCfg = Release|x86
		{FAD16DB4-CBB7-46C1-987C-D6C93BED3974}.Release|x86.Build.0 = Release|x86
		{64AA9E5D-85B8-4C51-B95C-0F7C087B38FA}.Debug|Any CPU.ActiveCfg = Debug|x86
		{64AA9E5D-85B8-4C51-B95C-0F7C087B38FA}.Debug|Mixed Platforms.ActiveCfg = Debug|x86
		{64AA9E5D-85B8-4C51-B95C-0F7C087B38FA}.Debug|Mixed Platforms.Build.0 = Debug|x86
		{64AA9E5D-85B8-4C51-B95C-0F7C087B38FA}.Debug|x86.ActiveCfg = Debug|x86
		{64AA9E5D-85B8-4C51-B95C-0F7C087B38FA}.Debug|x86.Build.0 = Debug|x86
		{64AA9E5D-85B8-4C51-B95C-0F7C087B38FA}.Release|Any CPU.ActiveCfg = Release|x86
		{64AA9E5D-85B8-4C51-B95C-0F7C087B38FA}.Release|Mixed Platforms.ActiveCfg = Release|x86
		{64AA9E5D-85B8-4C51-B95C-0F7C087B38FA}.Release|Mixed Platforms.Build.0 = Release|x86
		{64AA9E5D-85B8-4C51-B95C-0F7C087B38FA}.Release|x86.ActiveCfg = Release|x86
		{64AA9E5D-85B8-4C51-B95C-0F7C087B38FA}.Release|x86.Build.0 = Release|x86
		{57E46A35-E8E2-4289-B0C2-6525D94E3ACF}.Debug|Any CPU.ActiveCfg = Debug|x86
		{57E46A35-E8E2-4289-B0C2-6525D94E3ACF}.Debug|Mixed Platforms.ActiveCfg = Debug|x86
		{57E46A35-E8E2-4289-B0C2-6525D94E3ACF}.Debug|Mixed Platforms.Build.0 = Debug|x86
		{57E46A35-E8E2-4289-B0C2-6525D94E3ACF}.Debug|x86.ActiveCfg = Debug|x86
		{57E46A35-E8E2-4289-B0C2-6525D94E3ACF}.Debug|x86.Build.0 = Debug|x86
		{57E46A35-E8E2-4289-B0C2-6525D94E3ACF}.Release|Any CPU.ActiveCfg = Release|x86
		{57E46A35-E8E2-4289-B0C2-6525D94E3ACF}.Release|Mixed Platforms.ActiveCfg = Release|x86
		{57E46A35-E8E2-4289-B0C2-6525D94E3ACF}.Release|Mixed Platforms.Build.0 = Release|x86
		{57E46A35-E8E2-4289-B0C2-6525D94E3ACF}.Release|x86.ActiveCfg = Release|x86
		{57E46A35-E8E2-4289-B0C2-6525D94E3ACF}.Release|x86.Build.0 = Release|x86
		{44770407-7A00-4F91-88F5-FD15BB920714}.Debug|Any CPU.ActiveCfg = Debug|x86
		{44770407-7A00-4F91-88F5-FD15BB920714}.Debug|Mixed Platforms.ActiveCfg = Debug|x86
		{44770407-7A00-4F91-88F5-FD15BB920714}.Debug|Mixed Platforms.Build.0 = Debug|x86
		{44770407-7A00-4F91-88F5-FD15BB920714}.Debug|x86.ActiveCfg = Debug|x86
		{44770407-7A00-4F91-88F5-FD15BB920714}.Debug|x86.Build.0 = Debug|x86
		{44770407-7A00-4F91-88F5-FD15BB920714}.Release|Any CPU.ActiveCfg = Release|x86
		{44770407-7A00-4F91-88F5-FD15BB920714}.Release|Mixed Platforms.ActiveCfg = Release|x86
		{44770407-7A00-4F91-88F5-FD15BB920714}.Release|Mixed Platforms.Build.0 = Release|x86
		{44770407-7A00-4F91-88F5-FD15BB920714}.Release|x86.ActiveCfg = Release|x86
		{44770407-7A00-4F91-88F5-FD15BB920714}.Release|x86.Build.0 = Release|x86
		{364CC76F-20CC-4B7A-A15E-40EFD40141D2}.Debug|Any CPU.ActiveCfg = Debug|x86
		{364CC76F-20CC-4B7A-A15E-40EFD40141D2}.Debug|Mixed Platforms.ActiveCfg = Debug|x86
		{364CC76F-20CC-4B7A-A15E-40EFD40141D2}.Debug|Mixed Platforms.Build.0 = Debug|x86
		{364CC76F-20CC-4B7A-A15E-40EFD40141D2}.Debug|x86.ActiveCfg = Debug|x86
		{364CC76F-20CC-4B7A-A15E-40EFD40141D2}.Debug|x86.Build.0 = Debug|x86
		{364CC76F-20CC-4B7A-A15E-40EFD40141D2}.Release|Any CPU.ActiveCfg = Release|x86
		{364CC76F-20CC-4B7A-A15E-40EFD40141D2}.Release|Mixed Platforms.ActiveCfg = Release|x86
		{364CC76F-20CC-4B7A-A15E-40EFD40141D2}.Release|Mixed Platforms.Build.0 = Release|x86
		{364CC76F-20CC-4B7A-A15E-40EFD40141D2}.Release|x86.ActiveCfg = Release|x86
		{364CC76F-20CC-4B7A-A15E-40EFD40141D2}.Release|x86.Build.0 = Release|x86
		{EF26EB71-8713-47E1-8814-E61AA99607F9}.Debug|Any CPU.ActiveCfg = Debug|x86
		{EF26EB71-8713-47E1-8814-E61AA99607F9}.Debug|Mixed Platforms.ActiveCfg = Debug|x86
		{EF26EB71-8713-47E1-8814-E61AA99607F9}.Debug|Mixed Platforms.Build.0 = Debug|x86
		{EF26EB71-8713-47E1-8814-E61AA99607F9}.Debug|x86.ActiveCfg = Debug|x86
		{EF26EB71-8713-47E1-8814-E61AA99607F9}.Debug|x86.Build.0 = Debug|x86
		{EF26EB71-8713-47E1-8814-E61AA99607F9}.Release|Any CPU.ActiveCfg = Release|x86
		{EF26EB71-8713-47E1-8814-E61AA99607F9}.Release|Mixed Platforms.ActiveCfg = Release|x86
		{EF26EB71-8713-47E1-8814-E61AA99607F9}.Release|Mixed Platforms.Build.0 = Release|x86
		{EF26EB71-8713-47E1-8814-E61AA99607F9}.Release|x86.ActiveCfg = Release|x86
		{EF26EB71-8713-47E1-8814-E61AA99607F9}.Release|x86.Build.0 = Release|x86
		{1848CAFE-E396-4D82-A367-F0A89B7B7099}.Debug|Any CPU.ActiveCfg = Debug|x86
		{1848CAFE-E396-4D82-A367-F0A89B7B7099}.Debug|Mixed Platforms.ActiveCfg = Debug|x86
		{1848CAFE-E396-4D82-A367-F0A89B7B7099}.Debug|Mixed Platforms.Build.0 = Debug|x86
		{1848CAFE-E396-4D82-A367-F0A89B7B7099}.Debug|x86.ActiveCfg = Debug|x86
		{1848CAFE-E396-4D82-A367-F0A89B7B7099}.Debug|x86.Build.0 = Debug|x86
		{1848CAFE-E396-4D82-A367-F0A89B7B7099}.Release|Any CPU.ActiveCfg = Release|x86
		{1848CAFE-E396-4D82-A367-F0A89B7B7099}.Release|Mixed Platforms.ActiveCfg = Release|x86
		{1848CAFE-E396-4D82-A367-F0A89B7B7099}.Release|Mixed Platforms.Build.0 = Release|x86
		{1848CAFE-E396-4D82-A367-F0A89B7B7099}.Release|x86.ActiveCfg = Release|x86
		{1848CAFE-E396-4D82-A367-F0A89B7B7099}.Release|x86.Build.0 = Release|x86
		{27B09930-2D32-4BE7-8340-65639CAFBB90}.Debug|Any CPU.ActiveCfg = Debug|x86
		{27B09930-2D32-4BE7-8340-65639CAFBB90}.Debug|Mixed Platforms.ActiveCfg = Debug|x86
		{27B09930-2D32-4BE7-8340-65639CAFBB90}.Debug|Mixed Platforms.Build.0 = Debug|x86
		{27B09930-2D32-4BE7-8340-65639CAFBB90}.Debug|x86.ActiveCfg = Debug|x86
		{27B09930-2D32-4BE7-8340-65639CAFBB90}.Debug|x86.Build.0 = Debug|x86
		{27B09930-2D32-4BE7-8340-65639CAFBB90}.Release|Any CPU.ActiveCfg = Release|x86
		{27B09930-2D32-4BE7-8340-65639CAFBB90}.Release|Mixed Platforms.ActiveCfg = Release|x86
		{27B09930-2D32-4BE7-8340-65639CAFBB90}.Release|Mixed Platforms.Build.0 = Release|x86
		{27B09930-2D32-4BE7-8340-65639CAFBB90}.Release|x86.ActiveCfg = Release|x86
		{27B09930-2D32-4BE7-8340-65639CAFBB90}.Release|x86.Build.0 = Release|x86
		{C2CDFF6F-A98D-4229-9C72-4443B15ED2C8}.Debug|Any CPU.ActiveCfg = Debug|x86
		{C2CDFF6F-A98D-4229-9C72-4443B15ED2C8}.Debug|Mixed Platforms.ActiveCfg = Debug|x86
		{C2CDFF6F-A98D-4229-9C72-4443B15ED2C8}.Debug|Mixed Platforms.Build.0 = Debug|x86
		{C2CDFF6F-A98D-4229-9C72-4443B15ED2C8}.Debug|x86.ActiveCfg = Debug|x86
		{C2CDFF6F-A98D-4229-9C72-4443B15ED2C8}.Debug|x86.Build.0 = Debug|x86
		{C2CDFF6F-A98D-4229-9C72-4443B15ED2C8}.Release|Any CPU.ActiveCfg = Release|x86
		{C2CDFF6F-A98D-4229-9C72-4443B15ED2C8}.Release|Mixed Platforms.ActiveCfg = Release|x86
		{C2CDFF6F-A98D-4229-9C72-4443B15ED2C8}.Release|Mixed Platforms.Build.0 = Release|x86
		{C2CDFF6F-A98D-4229-9C72-4443B15ED2C8}.Release|x86.ActiveCfg = Release|x86
		{C2CDFF6F-A98D-4229-9C72-4443B15ED2C8}.Release|x86.Build.0 = Release|x86
		{58A7A242-73CD-4005-A135-E00399E9558F}.Debug|Any CPU.ActiveCfg = Debug|x86
		{58A7A242-73CD-4005-A135-E00399E9558F}.Debug|Mixed Platforms.ActiveCfg = Debug|x86
		{58A7A242-73CD-4005-A135-E00399E9558F}.Debug|Mixed Platforms.Build.0 = Debug|x86
		{58A7A242-73CD-4005-A135-E00399E9558F}.Debug|x86.ActiveCfg = Debug|x86
		{58A7A242-73CD-4005-A135-E00399E9558F}.Debug|x86.Build.0 = Debug|x86
		{58A7A242-73CD-4005-A135-E00399E9558F}.Release|Any CPU.ActiveCfg = Release|x86
		{58A7A242-73CD-4005-A135-E00399E9558F}.Release|Mixed Platforms.ActiveCfg = Release|x86
		{58A7A242-73CD-4005-A135-E00399E9558F}.Release|Mixed Platforms.Build.0 = Release|x86
		{58A7A242-73CD-4005-A135-E00399E9558F}.Release|x86.ActiveCfg = Release|x86
		{58A7A242-73CD-4005-A135-E00399E9558F}.Release|x86.Build.0 = Release|x86
	EndGlobalSection
	GlobalSection(SolutionProperties) = preSolution
		HideSolutionNode = FALSE
	EndGlobalSection
	GlobalSection(NestedProjects) = preSolution
		{DC27AC24-B497-41EB-B03C-AE841B46CB2E} = {1F06EDA5-7F88-4917-A65E-EA694B943ACE}
		{9FE98F96-DBFB-405B-AD7D-F1ECC4C640A1} = {1F06EDA5-7F88-4917-A65E-EA694B943ACE}
		{91250776-DD0D-49DA-8497-FB2A583CA593} = {1F06EDA5-7F88-4917-A65E-EA694B943ACE}
		{6A4DEEFD-DB14-4A0A-B7C2-E4131132CFA1} = {0F8C2E0C-9921-49FF-9A4E-BCD7D308A136}
		{04C0ABC0-6C1C-446C-80C4-FFD36B0B161F} = {0F8C2E0C-9921-49FF-9A4E-BCD7D308A136}
		{5B07F310-CB66-419B-8871-EFE75F33E731} = {0F8C2E0C-9921-49FF-9A4E-BCD7D308A136}
		{57E46A35-E8E2-4289-B0C2-6525D94E3ACF} = {0F8C2E0C-9921-49FF-9A4E-BCD7D308A136}
		{44770407-7A00-4F91-88F5-FD15BB920714} = {0F8C2E0C-9921-49FF-9A4E-BCD7D308A136}
		{B8E2F5DD-5666-4C61-B966-59CAD6947040} = {AC13C141-6971-4913-9F11-FB47958BAD5E}
		{2C404EF9-6952-4797-8D81-7D59BE9FF715} = {AC13C141-6971-4913-9F11-FB47958BAD5E}
		{7980D8FB-9064-46CA-A84D-5D11027411D7} = {84292D42-2AEC-4A64-8D2D-BC9BEB1D1E81}
		{C2CDFF6F-A98D-4229-9C72-4443B15ED2C8} = {84292D42-2AEC-4A64-8D2D-BC9BEB1D1E81}
		{6176716D-B371-4920-A50F-0BEBCE0E52C4} = {B5E879DE-E9F5-4898-B304-25F15BCD4E90}
		{FAD16DB4-CBB7-46C1-987C-D6C93BED3974} = {B5E879DE-E9F5-4898-B304-25F15BCD4E90}
		{64AA9E5D-85B8-4C51-B95C-0F7C087B38FA} = {B5E879DE-E9F5-4898-B304-25F15BCD4E90}
		{364CC76F-20CC-4B7A-A15E-40EFD40141D2} = {A6B837D6-288F-4221-8C40-1AC2A19E113F}
		{EF26EB71-8713-47E1-8814-E61AA99607F9} = {A6B837D6-288F-4221-8C40-1AC2A19E113F}
		{1848CAFE-E396-4D82-A367-F0A89B7B7099} = {ACDDFC46-3C77-498F-B4AC-CBB5000385AC}
		{27B09930-2D32-4BE7-8340-65639CAFBB90} = {ACDDFC46-3C77-498F-B4AC-CBB5000385AC}
		{58A7A242-73CD-4005-A135-E00399E9558F} = {ACDDFC46-3C77-498F-B4AC-CBB5000385AC}
	EndGlobalSection
EndGlobal
